
Microsoft Visual Studio Solution File, Format Version 12.00
# Visual Studio Version 16
VisualStudioVersion = 16.0.34931.43
MinimumVisualStudioVersion = 10.0.40219.1
Project("{FAE04EC0-301F-11D3-BF4B-00C04F79EFBC}") = "ConsoleApp26", "ConsoleApp26.csproj", "{1A2C8587-3263-4159-9F14-D691089A5841}"
EndProject
Global
	GlobalSection(SolutionConfigurationPlatforms) = preSolution
		Debug|Any CPU = Debug|Any CPU
		Release|Any CPU = Release|Any CPU
	EndGlobalSection
	GlobalSection(ProjectConfigurationPlatforms) = postSolution
		{1A2C8587-3263-4159-9F14-D691089A5841}.Debug|Any CPU.ActiveCfg = Debug|Any CPU
		{1A2C8587-3263-4159-9F14-D691089A5841}.Debug|Any CPU.Build.0 = Debug|Any CPU
		{1A2C8587-3263-4159-9F14-D691089A5841}.Release|Any CPU.ActiveCfg = Release|Any CPU
		{1A2C8587-3263-4159-9F14-D691089A5841}.Release|Any CPU.Build.0 = Release|Any CPU
	EndGlobalSection
	GlobalSection(SolutionProperties) = preSolution
		HideSolutionNode = FALSE
	EndGlobalSection
	GlobalSection(ExtensibilityGlobals) = postSolution
		SolutionGuid = {C6B31583-AF3A-4372-8684-19778AA7989B}
	EndGlobalSection
EndGlobal
